
Microsoft Visual Studio Solution File, Format Version 12.00
# Visual Studio Version 17
VisualStudioVersion = 17.0.31903.59
MinimumVisualStudioVersion = 10.0.40219.1
Project("{2150E333-8FDC-42A3-9474-1A3956D46DE8}") = "src", "src", "{8DFF7FB8-F80A-4B2F-A66A-F410484256AF}"
EndProject
Project("{FAE04EC0-301F-11D3-BF4B-00C04F79EFBC}") = "FollowUpAgent.Domain", "src\FollowUpAgent.Domain\FollowUpAgent.Domain.csproj", "{4A2BCD20-FD7E-4892-8338-0123116765E3}"
EndProject
Project("{2150E333-8FDC-42A3-9474-1A3956D46DE8}") = "tests", "tests", "{B6BE3B9C-EF7E-4F6E-A7BE-DD2BDF915F09}"
EndProject
Project("{FAE04EC0-301F-11D3-BF4B-00C04F79EFBC}") = "FollowUpAgent.Domain.Tests", "tests\FollowUpAgent.Domain.Tests\FollowUpAgent.Domain.Tests.csproj", "{222128D4-CD75-4419-804C-F9B5DBF55482}"
EndProject
Project("{FAE04EC0-301F-11D3-BF4B-00C04F79EFBC}") = "FollowUpAgent.Application", "src\FollowUpAgent.Application\FollowUpAgent.Application.csproj", "{69215FC4-31CF-4C5D-B2E0-CF760D940116}"
EndProject
Project("{FAE04EC0-301F-11D3-BF4B-00C04F79EFBC}") = "FollowUpAgent.Application.Tests", "tests\FollowUpAgent.Application.Tests\FollowUpAgent.Application.Tests.csproj", "{ECB9C007-18C2-4425-B05E-1B47C650F9DC}"
EndProject
Global
	GlobalSection(SolutionConfigurationPlatforms) = preSolution
		Debug|Any CPU = Debug|Any CPU
		Release|Any CPU = Release|Any CPU
	EndGlobalSection
	GlobalSection(SolutionProperties) = preSolution
		HideSolutionNode = FALSE
	EndGlobalSection
	GlobalSection(ProjectConfigurationPlatforms) = postSolution
		{4A2BCD20-FD7E-4892-8338-0123116765E3}.Debug|Any CPU.ActiveCfg = Debug|Any CPU
		{4A2BCD20-FD7E-4892-8338-0123116765E3}.Debug|Any CPU.Build.0 = Debug|Any CPU
		{4A2BCD20-FD7E-4892-8338-0123116765E3}.Release|Any CPU.ActiveCfg = Release|Any CPU
		{4A2BCD20-FD7E-4892-8338-0123116765E3}.Release|Any CPU.Build.0 = Release|Any CPU
		{222128D4-CD75-4419-804C-F9B5DBF55482}.Debug|Any CPU.ActiveCfg = Debug|Any CPU
		{222128D4-CD75-4419-804C-F9B5DBF55482}.Debug|Any CPU.Build.0 = Debug|Any CPU
		{222128D4-CD75-4419-804C-F9B5DBF55482}.Release|Any CPU.ActiveCfg = Release|Any CPU
		{222128D4-CD75-4419-804C-F9B5DBF55482}.Release|Any CPU.Build.0 = Release|Any CPU
		{69215FC4-31CF-4C5D-B2E0-CF760D940116}.Debug|Any CPU.ActiveCfg = Debug|Any CPU
		{69215FC4-31CF-4C5D-B2E0-CF760D940116}.Debug|Any CPU.Build.0 = Debug|Any CPU
		{69215FC4-31CF-4C5D-B2E0-CF760D940116}.Release|Any CPU.ActiveCfg = Release|Any CPU
		{69215FC4-31CF-4C5D-B2E0-CF760D940116}.Release|Any CPU.Build.0 = Release|Any CPU
		{ECB9C007-18C2-4425-B05E-1B47C650F9DC}.Debug|Any CPU.ActiveCfg = Debug|Any CPU
		{ECB9C007-18C2-4425-B05E-1B47C650F9DC}.Debug|Any CPU.Build.0 = Debug|Any CPU
		{ECB9C007-18C2-4425-B05E-1B47C650F9DC}.Release|Any CPU.ActiveCfg = Release|Any CPU
		{ECB9C007-18C2-4425-B05E-1B47C650F9DC}.Release|Any CPU.Build.0 = Release|Any CPU
	EndGlobalSection
	GlobalSection(NestedProjects) = preSolution
		{4A2BCD20-FD7E-4892-8338-0123116765E3} = {8DFF7FB8-F80A-4B2F-A66A-F410484256AF}
		{222128D4-CD75-4419-804C-F9B5DBF55482} = {B6BE3B9C-EF7E-4F6E-A7BE-DD2BDF915F09}
		{69215FC4-31CF-4C5D-B2E0-CF760D940116} = {8DFF7FB8-F80A-4B2F-A66A-F410484256AF}
		{ECB9C007-18C2-4425-B05E-1B47C650F9DC} = {B6BE3B9C-EF7E-4F6E-A7BE-DD2BDF915F09}
	EndGlobalSection
EndGlobal
